// !$*UTF8*$!
{
	archiveVersion = 1;
	classes = {
	};
	objectVersion = 55;
	objects = {

/* Begin PBXBuildFile section */
		EB05E19526277868002941B6 /* PathAnnotation.swift in Sources */ = {isa = PBXBuildFile; fileRef = EB05E19426277868002941B6 /* PathAnnotation.swift */; };
		EB2409C928D1A5000027671D /* Colors.xcassets in Resources */ = {isa = PBXBuildFile; fileRef = EB2409C828D1A5000027671D /* Colors.xcassets */; };
		EB2F91212624B6500026773D /* TrackMapOverlayView.swift in Sources */ = {isa = PBXBuildFile; fileRef = EB2F91202624B6500026773D /* TrackMapOverlayView.swift */; };
		EB2F91262624B8DF0026773D /* OverlayButtonStyle.swift in Sources */ = {isa = PBXBuildFile; fileRef = EB2F91252624B8DF0026773D /* OverlayButtonStyle.swift */; };
		EB352C86278CEA170015AC5A /* TrackViewModel.swift in Sources */ = {isa = PBXBuildFile; fileRef = EBD13A64261AF59A0080C4FE /* TrackViewModel.swift */; };
		EB352C8C278CEB310015AC5A /* Track+CoreDataClass.swift in Sources */ = {isa = PBXBuildFile; fileRef = EB352C8A278CEB310015AC5A /* Track+CoreDataClass.swift */; };
		EB352C8E278EB6720015AC5A /* Satchi.xcdatamodeld in Sources */ = {isa = PBXBuildFile; fileRef = EBCB4815266762F800E5631C /* Satchi.xcdatamodeld */; };
		EB35885F2970BAEB00CCB235 /* SceneDelegate.swift in Sources */ = {isa = PBXBuildFile; fileRef = EB35885E2970BAEB00CCB235 /* SceneDelegate.swift */; };
		EB3588602970BAEB00CCB235 /* SceneDelegate.swift in Sources */ = {isa = PBXBuildFile; fileRef = EB35885E2970BAEB00CCB235 /* SceneDelegate.swift */; };
		EB3DF31D28C65AFA00A45A8D /* PreviewTrackMapView.swift in Sources */ = {isa = PBXBuildFile; fileRef = EB3DF31C28C65AFA00A45A8D /* PreviewTrackMapView.swift */; };
		EB3DF31F28C65BEE00A45A8D /* PreviewMapView.swift in Sources */ = {isa = PBXBuildFile; fileRef = EB3DF31E28C65BEE00A45A8D /* PreviewMapView.swift */; };
		EB409F3628AD0EB700BA2C23 /* StateButtonView.swift in Sources */ = {isa = PBXBuildFile; fileRef = EB409F3528AD0EB700BA2C23 /* StateButtonView.swift */; };
		EB5688E0269C304000AF9AB1 /* TrackCellView.swift in Sources */ = {isa = PBXBuildFile; fileRef = EB5688DF269C304000AF9AB1 /* TrackCellView.swift */; };
		EB59DE3C283003830043DE33 /* AddTrackView.swift in Sources */ = {isa = PBXBuildFile; fileRef = EB59DE3B283003830043DE33 /* AddTrackView.swift */; };
		EB59DE3E2830051F0043DE33 /* String.swift in Sources */ = {isa = PBXBuildFile; fileRef = EB59DE3D2830051F0043DE33 /* String.swift */; };
		EB59DE40283045A60043DE33 /* Track+CoreDataProperties.swift in Sources */ = {isa = PBXBuildFile; fileRef = EB59DE3F283045A60043DE33 /* Track+CoreDataProperties.swift */; };
		EB59DE4428310BF60043DE33 /* AppDelegate.swift in Sources */ = {isa = PBXBuildFile; fileRef = EB59DE4328310BF60043DE33 /* AppDelegate.swift */; };
		EB5CE226261CBA3D00D56711 /* TrackMapView.swift in Sources */ = {isa = PBXBuildFile; fileRef = EB5CE225261CBA3D00D56711 /* TrackMapView.swift */; };
		EB5CE22E261CBFE100D56711 /* TrackMapModel.swift in Sources */ = {isa = PBXBuildFile; fileRef = EB5CE22D261CBFE100D56711 /* TrackMapModel.swift */; };
		EB6DC7B32882BA3D009E788A /* SwiftState in Frameworks */ = {isa = PBXBuildFile; productRef = EB6DC7B22882BA3D009E788A /* SwiftState */; };
		EB7D2145282C6181006CB703 /* CloudKit.framework in Frameworks */ = {isa = PBXBuildFile; fileRef = EB7D2144282C6181006CB703 /* CloudKit.framework */; };
		EB7D2149282C6553006CB703 /* UIApplicationExt.swift in Sources */ = {isa = PBXBuildFile; fileRef = EB7D2148282C6553006CB703 /* UIApplicationExt.swift */; };
		EB7DFD2B261E0D6A0056D6B4 /* MapView.swift in Sources */ = {isa = PBXBuildFile; fileRef = EB7DFD2A261E0D6A0056D6B4 /* MapView.swift */; };
		EB872508260CC0C4008AD8E7 /* SatchiApp.swift in Sources */ = {isa = PBXBuildFile; fileRef = EB872507260CC0C4008AD8E7 /* SatchiApp.swift */; };
		EB87250A260CC0C4008AD8E7 /* TrackListView.swift in Sources */ = {isa = PBXBuildFile; fileRef = EB872509260CC0C4008AD8E7 /* TrackListView.swift */; };
		EB87250C260CC0C5008AD8E7 /* Assets.xcassets in Resources */ = {isa = PBXBuildFile; fileRef = EB87250B260CC0C5008AD8E7 /* Assets.xcassets */; };
		EB87250F260CC0C5008AD8E7 /* Preview Assets.xcassets in Resources */ = {isa = PBXBuildFile; fileRef = EB87250E260CC0C5008AD8E7 /* Preview Assets.xcassets */; };
		EB87251F260CC0C5008AD8E7 /* SatchiTests.swift in Sources */ = {isa = PBXBuildFile; fileRef = EB87251E260CC0C5008AD8E7 /* SatchiTests.swift */; };
		EB87252A260CC0C5008AD8E7 /* SatchiUITests.swift in Sources */ = {isa = PBXBuildFile; fileRef = EB872529260CC0C5008AD8E7 /* SatchiUITests.swift */; };
		EB8D3FD7284567B800D12C38 /* Track+CoreDataProperties.swift in Sources */ = {isa = PBXBuildFile; fileRef = EB59DE3F283045A60043DE33 /* Track+CoreDataProperties.swift */; };
		EB8D3FD8284567BE00D12C38 /* Track+CoreDataClass.swift in Sources */ = {isa = PBXBuildFile; fileRef = EB352C8A278CEB310015AC5A /* Track+CoreDataClass.swift */; };
		EB8ECDD52952F777009E0134 /* InfoPlist.strings in Resources */ = {isa = PBXBuildFile; fileRef = EB8ECDD32952F777009E0134 /* InfoPlist.strings */; };
		EB8ECDD82952F777009E0134 /* Localizable.strings in Resources */ = {isa = PBXBuildFile; fileRef = EB8ECDD62952F777009E0134 /* Localizable.strings */; };
		EB9726602843B0DD00583007 /* DifficultyView.swift in Sources */ = {isa = PBXBuildFile; fileRef = EB97265F2843B0DD00583007 /* DifficultyView.swift */; };
		EBA6D5B2296B6266000579FC /* PersistenceController.swift in Sources */ = {isa = PBXBuildFile; fileRef = EBA6D5AA296B6263000579FC /* PersistenceController.swift */; };
		EBA6D5B4296B6266000579FC /* PersistenceController+Share.swift in Sources */ = {isa = PBXBuildFile; fileRef = EBA6D5AC296B6264000579FC /* PersistenceController+Share.swift */; };
		EBA6D5B5296B6266000579FC /* CoreDataHelper.swift in Sources */ = {isa = PBXBuildFile; fileRef = EBA6D5AD296B6265000579FC /* CoreDataHelper.swift */; };
		EBA6D5B7296B6266000579FC /* PersistenceController+History.swift in Sources */ = {isa = PBXBuildFile; fileRef = EBA6D5AF296B6266000579FC /* PersistenceController+History.swift */; };
		EBA6D5B9296B6325000579FC /* PersistenceController+Track.swift in Sources */ = {isa = PBXBuildFile; fileRef = EBA6D5B8296B6325000579FC /* PersistenceController+Track.swift */; };
		EBA6D5BE296B6738000579FC /* Satchi.xcdatamodeld in Sources */ = {isa = PBXBuildFile; fileRef = EBCB4815266762F800E5631C /* Satchi.xcdatamodeld */; };
		EBA6D5C0296B6738000579FC /* View+Navigation.swift in Sources */ = {isa = PBXBuildFile; fileRef = EBD117B92919AEA50067402E /* View+Navigation.swift */; };
		EBA6D5C1296B6738000579FC /* StateButtonView.swift in Sources */ = {isa = PBXBuildFile; fileRef = EB409F3528AD0EB700BA2C23 /* StateButtonView.swift */; };
		EBA6D5C2296B6738000579FC /* Track+CoreDataProperties.swift in Sources */ = {isa = PBXBuildFile; fileRef = EB59DE3F283045A60043DE33 /* Track+CoreDataProperties.swift */; };
		EBA6D5C3296B6738000579FC /* OverlayButtonStyle.swift in Sources */ = {isa = PBXBuildFile; fileRef = EB2F91252624B8DF0026773D /* OverlayButtonStyle.swift */; };
		EBA6D5C4296B6738000579FC /* TrackMapModel.swift in Sources */ = {isa = PBXBuildFile; fileRef = EB5CE22D261CBFE100D56711 /* TrackMapModel.swift */; };
		EBA6D5C5296B6738000579FC /* PreviewTrackMapView.swift in Sources */ = {isa = PBXBuildFile; fileRef = EB3DF31C28C65AFA00A45A8D /* PreviewTrackMapView.swift */; };
		EBA6D5C6296B6738000579FC /* TrackListView.swift in Sources */ = {isa = PBXBuildFile; fileRef = EB872509260CC0C4008AD8E7 /* TrackListView.swift */; };
		EBA6D5C7296B6738000579FC /* Track+CoreDataClass.swift in Sources */ = {isa = PBXBuildFile; fileRef = EB352C8A278CEB310015AC5A /* Track+CoreDataClass.swift */; };
		EBA6D5C8296B6738000579FC /* MapView.swift in Sources */ = {isa = PBXBuildFile; fileRef = EB7DFD2A261E0D6A0056D6B4 /* MapView.swift */; };
		EBA6D5C9296B6738000579FC /* SatchiApp.swift in Sources */ = {isa = PBXBuildFile; fileRef = EB872507260CC0C4008AD8E7 /* SatchiApp.swift */; };
		EBA6D5CA296B6738000579FC /* EditTrackView.swift in Sources */ = {isa = PBXBuildFile; fileRef = EBD13A54261AF3760080C4FE /* EditTrackView.swift */; };
		EBA6D5CB296B6738000579FC /* TrackMapView.swift in Sources */ = {isa = PBXBuildFile; fileRef = EB5CE225261CBA3D00D56711 /* TrackMapView.swift */; };
		EBA6D5CC296B6738000579FC /* UIApplicationExt.swift in Sources */ = {isa = PBXBuildFile; fileRef = EB7D2148282C6553006CB703 /* UIApplicationExt.swift */; };
		EBA6D5CD296B6738000579FC /* String.swift in Sources */ = {isa = PBXBuildFile; fileRef = EB59DE3D2830051F0043DE33 /* String.swift */; };
		EBA6D5CF296B6738000579FC /* TimeFormatter.swift in Sources */ = {isa = PBXBuildFile; fileRef = EBA842E7287589CF0061C338 /* TimeFormatter.swift */; };
		EBA6D5D0296B6738000579FC /* AddTrackView.swift in Sources */ = {isa = PBXBuildFile; fileRef = EB59DE3B283003830043DE33 /* AddTrackView.swift */; };
		EBA6D5D1296B6738000579FC /* CoreDataHelper.swift in Sources */ = {isa = PBXBuildFile; fileRef = EBA6D5AD296B6265000579FC /* CoreDataHelper.swift */; };
		EBA6D5D2296B6738000579FC /* PathAnnotation.swift in Sources */ = {isa = PBXBuildFile; fileRef = EB05E19426277868002941B6 /* PathAnnotation.swift */; };
		EBA6D5D3296B6738000579FC /* TrackCellView.swift in Sources */ = {isa = PBXBuildFile; fileRef = EB5688DF269C304000AF9AB1 /* TrackCellView.swift */; };
		EBA6D5D4296B6738000579FC /* PersistenceController+Track.swift in Sources */ = {isa = PBXBuildFile; fileRef = EBA6D5B8296B6325000579FC /* PersistenceController+Track.swift */; };
		EBA6D5D5296B6738000579FC /* PersistenceController+History.swift in Sources */ = {isa = PBXBuildFile; fileRef = EBA6D5AF296B6266000579FC /* PersistenceController+History.swift */; };
		EBA6D5D6296B6738000579FC /* PersistenceController+Share.swift in Sources */ = {isa = PBXBuildFile; fileRef = EBA6D5AC296B6264000579FC /* PersistenceController+Share.swift */; };
		EBA6D5D7296B6738000579FC /* PreviewMapView.swift in Sources */ = {isa = PBXBuildFile; fileRef = EB3DF31E28C65BEE00A45A8D /* PreviewMapView.swift */; };
		EBA6D5D9296B6738000579FC /* AppDelegate.swift in Sources */ = {isa = PBXBuildFile; fileRef = EB59DE4328310BF60043DE33 /* AppDelegate.swift */; };
		EBA6D5DA296B6738000579FC /* TextInputDialog.swift in Sources */ = {isa = PBXBuildFile; fileRef = EBC69ACD2641B88F0094EAA3 /* TextInputDialog.swift */; };
		EBA6D5DC296B6738000579FC /* PersistenceController.swift in Sources */ = {isa = PBXBuildFile; fileRef = EBA6D5AA296B6263000579FC /* PersistenceController.swift */; };
		EBA6D5DD296B6738000579FC /* AppEnvironment.swift in Sources */ = {isa = PBXBuildFile; fileRef = EBD542B428D7971400FAE7FA /* AppEnvironment.swift */; };
		EBA6D5DE296B6738000579FC /* DistanceFormatter.swift in Sources */ = {isa = PBXBuildFile; fileRef = EBB05D762878C02500C9723F /* DistanceFormatter.swift */; };
		EBA6D5DF296B6738000579FC /* TrackViewModel.swift in Sources */ = {isa = PBXBuildFile; fileRef = EBD13A64261AF59A0080C4FE /* TrackViewModel.swift */; };
		EBA6D5E1296B6738000579FC /* Color.swift in Sources */ = {isa = PBXBuildFile; fileRef = EBE9440228D25AE900C1C7A5 /* Color.swift */; };
		EBA6D5E2296B6738000579FC /* DifficultyView.swift in Sources */ = {isa = PBXBuildFile; fileRef = EB97265F2843B0DD00583007 /* DifficultyView.swift */; };
		EBA6D5E3296B6738000579FC /* TrackMapOverlayView.swift in Sources */ = {isa = PBXBuildFile; fileRef = EB2F91202624B6500026773D /* TrackMapOverlayView.swift */; };
		EBA6D5E4296B6738000579FC /* SyncMonitor.swift in Sources */ = {isa = PBXBuildFile; fileRef = EBA842C428702F0C0061C338 /* SyncMonitor.swift */; };
		EBA6D5E6296B6738000579FC /* SwiftState in Frameworks */ = {isa = PBXBuildFile; productRef = EBA6D5BB296B6738000579FC /* SwiftState */; };
		EBA6D5E7296B6738000579FC /* CloudKit.framework in Frameworks */ = {isa = PBXBuildFile; fileRef = EB7D2144282C6181006CB703 /* CloudKit.framework */; };
		EBA6D5E9296B6738000579FC /* Localizable.strings in Resources */ = {isa = PBXBuildFile; fileRef = EB8ECDD62952F777009E0134 /* Localizable.strings */; };
		EBA6D5EA296B6738000579FC /* Colors.xcassets in Resources */ = {isa = PBXBuildFile; fileRef = EB2409C828D1A5000027671D /* Colors.xcassets */; };
		EBA6D5EB296B6738000579FC /* InfoPlist.strings in Resources */ = {isa = PBXBuildFile; fileRef = EB8ECDD32952F777009E0134 /* InfoPlist.strings */; };
		EBA6D5EC296B6738000579FC /* Preview Assets.xcassets in Resources */ = {isa = PBXBuildFile; fileRef = EB87250E260CC0C5008AD8E7 /* Preview Assets.xcassets */; };
		EBA6D5ED296B6738000579FC /* Assets.xcassets in Resources */ = {isa = PBXBuildFile; fileRef = EB87250B260CC0C5008AD8E7 /* Assets.xcassets */; };
		EBA842C528702F0C0061C338 /* SyncMonitor.swift in Sources */ = {isa = PBXBuildFile; fileRef = EBA842C428702F0C0061C338 /* SyncMonitor.swift */; };
		EBA842E8287589CF0061C338 /* TimeFormatter.swift in Sources */ = {isa = PBXBuildFile; fileRef = EBA842E7287589CF0061C338 /* TimeFormatter.swift */; };
		EBB05D772878C02500C9723F /* DistanceFormatter.swift in Sources */ = {isa = PBXBuildFile; fileRef = EBB05D762878C02500C9723F /* DistanceFormatter.swift */; };
		EBB11B8B29B47936008EE889 /* Settings.bundle in Resources */ = {isa = PBXBuildFile; fileRef = EBB11B8A29B47935008EE889 /* Settings.bundle */; };
		EBB11B8C29B47936008EE889 /* Settings.bundle in Resources */ = {isa = PBXBuildFile; fileRef = EBB11B8A29B47935008EE889 /* Settings.bundle */; };
		EBB85EF229CA19F40058E0B5 /* Logger.swift in Sources */ = {isa = PBXBuildFile; fileRef = EBB85EF129CA19F40058E0B5 /* Logger.swift */; };
		EBB85EF429CA22AD0058E0B5 /* ValueTransformers.swift in Sources */ = {isa = PBXBuildFile; fileRef = EBB85EF329CA22AD0058E0B5 /* ValueTransformers.swift */; };
		EBB85EF529CA22AD0058E0B5 /* ValueTransformers.swift in Sources */ = {isa = PBXBuildFile; fileRef = EBB85EF329CA22AD0058E0B5 /* ValueTransformers.swift */; };
		EBC69ACE2641B88F0094EAA3 /* TextInputDialog.swift in Sources */ = {isa = PBXBuildFile; fileRef = EBC69ACD2641B88F0094EAA3 /* TextInputDialog.swift */; };
		EBCDAAA729B75BC10035809D /* NotificationCenter.swift in Sources */ = {isa = PBXBuildFile; fileRef = EBCDAAA629B75BC10035809D /* NotificationCenter.swift */; };
		EBD117BA2919AEA50067402E /* View+Navigation.swift in Sources */ = {isa = PBXBuildFile; fileRef = EBD117B92919AEA50067402E /* View+Navigation.swift */; };
		EBD13A55261AF3760080C4FE /* EditTrackView.swift in Sources */ = {isa = PBXBuildFile; fileRef = EBD13A54261AF3760080C4FE /* EditTrackView.swift */; };
		EBD542B528D7971400FAE7FA /* AppEnvironment.swift in Sources */ = {isa = PBXBuildFile; fileRef = EBD542B428D7971400FAE7FA /* AppEnvironment.swift */; };
		EBDC075529B6989D0028FC64 /* MapViewCoordinator.swift in Sources */ = {isa = PBXBuildFile; fileRef = EBDC075429B6989D0028FC64 /* MapViewCoordinator.swift */; };
		EBDC075929B699DF0028FC64 /* MapViewCoordinator.swift in Sources */ = {isa = PBXBuildFile; fileRef = EBDC075429B6989D0028FC64 /* MapViewCoordinator.swift */; };
		EBDC075C29B69B0A0028FC64 /* TrackTimer.swift in Sources */ = {isa = PBXBuildFile; fileRef = EBDC075B29B69B0A0028FC64 /* TrackTimer.swift */; };
		EBDC075D29B69B0A0028FC64 /* TrackTimer.swift in Sources */ = {isa = PBXBuildFile; fileRef = EBDC075B29B69B0A0028FC64 /* TrackTimer.swift */; };
		EBDC075F29B69F750028FC64 /* MainTabView.swift in Sources */ = {isa = PBXBuildFile; fileRef = EBDC075E29B69F750028FC64 /* MainTabView.swift */; };
		EBDC076029B69F750028FC64 /* MainTabView.swift in Sources */ = {isa = PBXBuildFile; fileRef = EBDC075E29B69F750028FC64 /* MainTabView.swift */; };
		EBE9440328D25AE900C1C7A5 /* Color.swift in Sources */ = {isa = PBXBuildFile; fileRef = EBE9440228D25AE900C1C7A5 /* Color.swift */; };
/* End PBXBuildFile section */

/* Begin PBXContainerItemProxy section */
		EB87251B260CC0C5008AD8E7 /* PBXContainerItemProxy */ = {
			isa = PBXContainerItemProxy;
			containerPortal = EB8724FC260CC0C4008AD8E7 /* Project object */;
			proxyType = 1;
			remoteGlobalIDString = EB872503260CC0C4008AD8E7;
			remoteInfo = Satchi;
		};
		EB872526260CC0C5008AD8E7 /* PBXContainerItemProxy */ = {
			isa = PBXContainerItemProxy;
			containerPortal = EB8724FC260CC0C4008AD8E7 /* Project object */;
			proxyType = 1;
			remoteGlobalIDString = EB872503260CC0C4008AD8E7;
			remoteInfo = Satchi;
		};
/* End PBXContainerItemProxy section */

/* Begin PBXFileReference section */
		EB05E19426277868002941B6 /* PathAnnotation.swift */ = {isa = PBXFileReference; lastKnownFileType = sourcecode.swift; path = PathAnnotation.swift; sourceTree = "<group>"; };
		EB2409C828D1A5000027671D /* Colors.xcassets */ = {isa = PBXFileReference; lastKnownFileType = folder.assetcatalog; path = Colors.xcassets; sourceTree = "<group>"; };
		EB2F91202624B6500026773D /* TrackMapOverlayView.swift */ = {isa = PBXFileReference; lastKnownFileType = sourcecode.swift; path = TrackMapOverlayView.swift; sourceTree = "<group>"; };
		EB2F91252624B8DF0026773D /* OverlayButtonStyle.swift */ = {isa = PBXFileReference; lastKnownFileType = sourcecode.swift; path = OverlayButtonStyle.swift; sourceTree = "<group>"; };
		EB352C8A278CEB310015AC5A /* Track+CoreDataClass.swift */ = {isa = PBXFileReference; lastKnownFileType = sourcecode.swift; path = "Track+CoreDataClass.swift"; sourceTree = "<group>"; };
		EB35885E2970BAEB00CCB235 /* SceneDelegate.swift */ = {isa = PBXFileReference; fileEncoding = 4; lastKnownFileType = sourcecode.swift; path = SceneDelegate.swift; sourceTree = "<group>"; };
		EB3DF31C28C65AFA00A45A8D /* PreviewTrackMapView.swift */ = {isa = PBXFileReference; fileEncoding = 4; lastKnownFileType = sourcecode.swift; path = PreviewTrackMapView.swift; sourceTree = "<group>"; };
		EB3DF31E28C65BEE00A45A8D /* PreviewMapView.swift */ = {isa = PBXFileReference; fileEncoding = 4; lastKnownFileType = sourcecode.swift; path = PreviewMapView.swift; sourceTree = "<group>"; };
		EB409F3528AD0EB700BA2C23 /* StateButtonView.swift */ = {isa = PBXFileReference; lastKnownFileType = sourcecode.swift; path = StateButtonView.swift; sourceTree = "<group>"; };
		EB4445BF29537197009FD381 /* en */ = {isa = PBXFileReference; lastKnownFileType = text.plist.strings; name = en; path = en.lproj/Localizable.strings; sourceTree = "<group>"; };
		EB4445C029537197009FD381 /* en */ = {isa = PBXFileReference; lastKnownFileType = text.plist.strings; name = en; path = en.lproj/InfoPlist.strings; sourceTree = "<group>"; };
		EB5688DF269C304000AF9AB1 /* TrackCellView.swift */ = {isa = PBXFileReference; lastKnownFileType = sourcecode.swift; path = TrackCellView.swift; sourceTree = "<group>"; };
		EB59DE3B283003830043DE33 /* AddTrackView.swift */ = {isa = PBXFileReference; lastKnownFileType = sourcecode.swift; path = AddTrackView.swift; sourceTree = "<group>"; };
		EB59DE3D2830051F0043DE33 /* String.swift */ = {isa = PBXFileReference; lastKnownFileType = sourcecode.swift; path = String.swift; sourceTree = "<group>"; };
		EB59DE3F283045A60043DE33 /* Track+CoreDataProperties.swift */ = {isa = PBXFileReference; lastKnownFileType = sourcecode.swift; path = "Track+CoreDataProperties.swift"; sourceTree = "<group>"; };
		EB59DE4328310BF60043DE33 /* AppDelegate.swift */ = {isa = PBXFileReference; lastKnownFileType = sourcecode.swift; path = AppDelegate.swift; sourceTree = "<group>"; };
		EB5BDF0E28181E03009DF497 /* README.md */ = {isa = PBXFileReference; lastKnownFileType = net.daringfireball.markdown; path = README.md; sourceTree = "<group>"; };
		EB5BDF0F28181E61009DF497 /* Notes.md */ = {isa = PBXFileReference; lastKnownFileType = net.daringfireball.markdown; path = Notes.md; sourceTree = "<group>"; };
		EB5CE225261CBA3D00D56711 /* TrackMapView.swift */ = {isa = PBXFileReference; lastKnownFileType = sourcecode.swift; path = TrackMapView.swift; sourceTree = "<group>"; };
		EB5CE22D261CBFE100D56711 /* TrackMapModel.swift */ = {isa = PBXFileReference; lastKnownFileType = sourcecode.swift; path = TrackMapModel.swift; sourceTree = "<group>"; };
		EB7D2142282C617E006CB703 /* Satchi.entitlements */ = {isa = PBXFileReference; lastKnownFileType = text.plist.entitlements; path = Satchi.entitlements; sourceTree = "<group>"; };
		EB7D2144282C6181006CB703 /* CloudKit.framework */ = {isa = PBXFileReference; lastKnownFileType = wrapper.framework; name = CloudKit.framework; path = System/Library/Frameworks/CloudKit.framework; sourceTree = SDKROOT; };
		EB7D2148282C6553006CB703 /* UIApplicationExt.swift */ = {isa = PBXFileReference; fileEncoding = 4; lastKnownFileType = sourcecode.swift; path = UIApplicationExt.swift; sourceTree = "<group>"; };
		EB7DFD2A261E0D6A0056D6B4 /* MapView.swift */ = {isa = PBXFileReference; lastKnownFileType = sourcecode.swift; path = MapView.swift; sourceTree = "<group>"; };
		EB872504260CC0C4008AD8E7 /* Satchi.app */ = {isa = PBXFileReference; explicitFileType = wrapper.application; includeInIndex = 0; path = Satchi.app; sourceTree = BUILT_PRODUCTS_DIR; };
		EB872507260CC0C4008AD8E7 /* SatchiApp.swift */ = {isa = PBXFileReference; lastKnownFileType = sourcecode.swift; path = SatchiApp.swift; sourceTree = "<group>"; };
		EB872509260CC0C4008AD8E7 /* TrackListView.swift */ = {isa = PBXFileReference; lastKnownFileType = sourcecode.swift; path = TrackListView.swift; sourceTree = "<group>"; };
		EB87250B260CC0C5008AD8E7 /* Assets.xcassets */ = {isa = PBXFileReference; lastKnownFileType = folder.assetcatalog; path = Assets.xcassets; sourceTree = "<group>"; };
		EB87250E260CC0C5008AD8E7 /* Preview Assets.xcassets */ = {isa = PBXFileReference; lastKnownFileType = folder.assetcatalog; path = "Preview Assets.xcassets"; sourceTree = "<group>"; };
		EB872515260CC0C5008AD8E7 /* Info.plist */ = {isa = PBXFileReference; lastKnownFileType = text.plist.xml; path = Info.plist; sourceTree = "<group>"; };
		EB87251A260CC0C5008AD8E7 /* SatchiTests.xctest */ = {isa = PBXFileReference; explicitFileType = wrapper.cfbundle; includeInIndex = 0; path = SatchiTests.xctest; sourceTree = BUILT_PRODUCTS_DIR; };
		EB87251E260CC0C5008AD8E7 /* SatchiTests.swift */ = {isa = PBXFileReference; lastKnownFileType = sourcecode.swift; path = SatchiTests.swift; sourceTree = "<group>"; };
		EB872520260CC0C5008AD8E7 /* Info.plist */ = {isa = PBXFileReference; lastKnownFileType = text.plist.xml; path = Info.plist; sourceTree = "<group>"; };
		EB872525260CC0C5008AD8E7 /* SatchiUITests.xctest */ = {isa = PBXFileReference; explicitFileType = wrapper.cfbundle; includeInIndex = 0; path = SatchiUITests.xctest; sourceTree = BUILT_PRODUCTS_DIR; };
		EB872529260CC0C5008AD8E7 /* SatchiUITests.swift */ = {isa = PBXFileReference; lastKnownFileType = sourcecode.swift; path = SatchiUITests.swift; sourceTree = "<group>"; };
		EB87252B260CC0C5008AD8E7 /* Info.plist */ = {isa = PBXFileReference; lastKnownFileType = text.plist.xml; path = Info.plist; sourceTree = "<group>"; };
		EB8ECDD42952F777009E0134 /* sv */ = {isa = PBXFileReference; lastKnownFileType = text.plist.strings; name = sv; path = sv.lproj/InfoPlist.strings; sourceTree = "<group>"; };
		EB8ECDD72952F777009E0134 /* sv */ = {isa = PBXFileReference; lastKnownFileType = text.plist.strings; name = sv; path = sv.lproj/Localizable.strings; sourceTree = "<group>"; };
		EB97265F2843B0DD00583007 /* DifficultyView.swift */ = {isa = PBXFileReference; lastKnownFileType = sourcecode.swift; path = DifficultyView.swift; sourceTree = "<group>"; };
		EBA6D5AA296B6263000579FC /* PersistenceController.swift */ = {isa = PBXFileReference; fileEncoding = 4; lastKnownFileType = sourcecode.swift; path = PersistenceController.swift; sourceTree = "<group>"; };
		EBA6D5AC296B6264000579FC /* PersistenceController+Share.swift */ = {isa = PBXFileReference; fileEncoding = 4; lastKnownFileType = sourcecode.swift; path = "PersistenceController+Share.swift"; sourceTree = "<group>"; };
		EBA6D5AD296B6265000579FC /* CoreDataHelper.swift */ = {isa = PBXFileReference; fileEncoding = 4; lastKnownFileType = sourcecode.swift; path = CoreDataHelper.swift; sourceTree = "<group>"; };
		EBA6D5AF296B6266000579FC /* PersistenceController+History.swift */ = {isa = PBXFileReference; fileEncoding = 4; lastKnownFileType = sourcecode.swift; path = "PersistenceController+History.swift"; sourceTree = "<group>"; };
		EBA6D5B8296B6325000579FC /* PersistenceController+Track.swift */ = {isa = PBXFileReference; fileEncoding = 4; lastKnownFileType = sourcecode.swift; path = "PersistenceController+Track.swift"; sourceTree = "<group>"; };
		EBA6D5F1296B6738000579FC /* InitializeCloudKitSchema.app */ = {isa = PBXFileReference; explicitFileType = wrapper.application; includeInIndex = 0; path = InitializeCloudKitSchema.app; sourceTree = BUILT_PRODUCTS_DIR; };
		EBA6D5F2296B6739000579FC /* Satchi copy-Info.plist */ = {isa = PBXFileReference; lastKnownFileType = text.plist.xml; name = "Satchi copy-Info.plist"; path = "/Users/calle/Developer/Satchi/Satchi copy-Info.plist"; sourceTree = "<absolute>"; };
		EBA842C428702F0C0061C338 /* SyncMonitor.swift */ = {isa = PBXFileReference; lastKnownFileType = sourcecode.swift; path = SyncMonitor.swift; sourceTree = "<group>"; };
		EBA842E7287589CF0061C338 /* TimeFormatter.swift */ = {isa = PBXFileReference; lastKnownFileType = sourcecode.swift; path = TimeFormatter.swift; sourceTree = "<group>"; };
		EBB05D762878C02500C9723F /* DistanceFormatter.swift */ = {isa = PBXFileReference; lastKnownFileType = sourcecode.swift; path = DistanceFormatter.swift; sourceTree = "<group>"; };
		EBB11B8A29B47935008EE889 /* Settings.bundle */ = {isa = PBXFileReference; lastKnownFileType = "wrapper.plug-in"; path = Settings.bundle; sourceTree = "<group>"; };
		EBB85EF129CA19F40058E0B5 /* Logger.swift */ = {isa = PBXFileReference; lastKnownFileType = sourcecode.swift; path = Logger.swift; sourceTree = "<group>"; };
		EBB85EF329CA22AD0058E0B5 /* ValueTransformers.swift */ = {isa = PBXFileReference; lastKnownFileType = sourcecode.swift; path = ValueTransformers.swift; sourceTree = "<group>"; };
		EBC69ACD2641B88F0094EAA3 /* TextInputDialog.swift */ = {isa = PBXFileReference; lastKnownFileType = sourcecode.swift; path = TextInputDialog.swift; sourceTree = "<group>"; };
		EBCB4816266762F800E5631C /* Satchi.xcdatamodel */ = {isa = PBXFileReference; lastKnownFileType = wrapper.xcdatamodel; path = Satchi.xcdatamodel; sourceTree = "<group>"; };
		EBCDAAA629B75BC10035809D /* NotificationCenter.swift */ = {isa = PBXFileReference; lastKnownFileType = sourcecode.swift; path = NotificationCenter.swift; sourceTree = "<group>"; };
		EBD117B92919AEA50067402E /* View+Navigation.swift */ = {isa = PBXFileReference; lastKnownFileType = sourcecode.swift; path = "View+Navigation.swift"; sourceTree = "<group>"; };
		EBD13A54261AF3760080C4FE /* EditTrackView.swift */ = {isa = PBXFileReference; lastKnownFileType = sourcecode.swift; path = EditTrackView.swift; sourceTree = "<group>"; };
		EBD13A64261AF59A0080C4FE /* TrackViewModel.swift */ = {isa = PBXFileReference; lastKnownFileType = sourcecode.swift; path = TrackViewModel.swift; sourceTree = "<group>"; };
		EBD542B428D7971400FAE7FA /* AppEnvironment.swift */ = {isa = PBXFileReference; lastKnownFileType = sourcecode.swift; path = AppEnvironment.swift; sourceTree = "<group>"; };
		EBDC075429B6989D0028FC64 /* MapViewCoordinator.swift */ = {isa = PBXFileReference; lastKnownFileType = sourcecode.swift; path = MapViewCoordinator.swift; sourceTree = "<group>"; };
		EBDC075B29B69B0A0028FC64 /* TrackTimer.swift */ = {isa = PBXFileReference; fileEncoding = 4; lastKnownFileType = sourcecode.swift; path = TrackTimer.swift; sourceTree = "<group>"; };
		EBDC075E29B69F750028FC64 /* MainTabView.swift */ = {isa = PBXFileReference; lastKnownFileType = sourcecode.swift; path = MainTabView.swift; sourceTree = "<group>"; };
		EBE9440228D25AE900C1C7A5 /* Color.swift */ = {isa = PBXFileReference; lastKnownFileType = sourcecode.swift; path = Color.swift; sourceTree = "<group>"; };
/* End PBXFileReference section */

/* Begin PBXFrameworksBuildPhase section */
		EB872501260CC0C4008AD8E7 /* Frameworks */ = {
			isa = PBXFrameworksBuildPhase;
			buildActionMask = 2147483647;
			files = (
				EB6DC7B32882BA3D009E788A /* SwiftState in Frameworks */,
				EB7D2145282C6181006CB703 /* CloudKit.framework in Frameworks */,
			);
			runOnlyForDeploymentPostprocessing = 0;
		};
		EB872517260CC0C5008AD8E7 /* Frameworks */ = {
			isa = PBXFrameworksBuildPhase;
			buildActionMask = 2147483647;
			files = (
			);
			runOnlyForDeploymentPostprocessing = 0;
		};
		EB872522260CC0C5008AD8E7 /* Frameworks */ = {
			isa = PBXFrameworksBuildPhase;
			buildActionMask = 2147483647;
			files = (
			);
			runOnlyForDeploymentPostprocessing = 0;
		};
		EBA6D5E5296B6738000579FC /* Frameworks */ = {
			isa = PBXFrameworksBuildPhase;
			buildActionMask = 2147483647;
			files = (
				EBA6D5E6296B6738000579FC /* SwiftState in Frameworks */,
				EBA6D5E7296B6738000579FC /* CloudKit.framework in Frameworks */,
			);
			runOnlyForDeploymentPostprocessing = 0;
		};
/* End PBXFrameworksBuildPhase section */

/* Begin PBXGroup section */
		EB352C89278CEB0D0015AC5A /* Entities */ = {
			isa = PBXGroup;
			children = (
				EB59DE3F283045A60043DE33 /* Track+CoreDataProperties.swift */,
				EB352C8A278CEB310015AC5A /* Track+CoreDataClass.swift */,
			);
			path = Entities;
			sourceTree = "<group>";
		};
		EB7D2143282C6181006CB703 /* Frameworks */ = {
			isa = PBXGroup;
			children = (
				EB7D2144282C6181006CB703 /* CloudKit.framework */,
			);
			name = Frameworks;
			sourceTree = "<group>";
		};
		EB8724FB260CC0C4008AD8E7 = {
			isa = PBXGroup;
			children = (
				EB872506260CC0C4008AD8E7 /* Satchi */,
				EB87251D260CC0C5008AD8E7 /* SatchiTests */,
				EB872528260CC0C5008AD8E7 /* SatchiUITests */,
				EB872505260CC0C4008AD8E7 /* Products */,
				EB7D2143282C6181006CB703 /* Frameworks */,
				EBA6D5F2296B6739000579FC /* Satchi copy-Info.plist */,
			);
			sourceTree = "<group>";
		};
		EB872505260CC0C4008AD8E7 /* Products */ = {
			isa = PBXGroup;
			children = (
				EB872504260CC0C4008AD8E7 /* Satchi.app */,
				EB87251A260CC0C5008AD8E7 /* SatchiTests.xctest */,
				EB872525260CC0C5008AD8E7 /* SatchiUITests.xctest */,
				EBA6D5F1296B6738000579FC /* InitializeCloudKitSchema.app */,
			);
			name = Products;
			sourceTree = "<group>";
		};
		EB872506260CC0C4008AD8E7 /* Satchi */ = {
			isa = PBXGroup;
			children = (
				EBDC075A29B69A010028FC64 /* App */,
				EBDC076129B6A3880028FC64 /* Extensions */,
				EBDC075629B6992B0028FC64 /* Map */,
				EBA842E6287589B20061C338 /* Formatters */,
				EBCB481C2667636A00E5631C /* Persistance */,
				EBD13A53261AF3520080C4FE /* EditTrack */,
				EB87253D260CC132008AD8E7 /* TrackList */,
				EB2F91252624B8DF0026773D /* OverlayButtonStyle.swift */,
				EBDC075E29B69F750028FC64 /* MainTabView.swift */,
				EBA842C428702F0C0061C338 /* SyncMonitor.swift */,
				EB7D2142282C617E006CB703 /* Satchi.entitlements */,
				EB87250B260CC0C5008AD8E7 /* Assets.xcassets */,
				EB2409C828D1A5000027671D /* Colors.xcassets */,
				EB872515260CC0C5008AD8E7 /* Info.plist */,
				EB8ECDD62952F777009E0134 /* Localizable.strings */,
				EB8ECDD32952F777009E0134 /* InfoPlist.strings */,
				EB87250D260CC0C5008AD8E7 /* Preview Content */,
				EB5BDF0E28181E03009DF497 /* README.md */,
				EB5BDF0F28181E61009DF497 /* Notes.md */,
				EBB11B8A29B47935008EE889 /* Settings.bundle */,
			);
			path = Satchi;
			sourceTree = "<group>";
		};
		EB87250D260CC0C5008AD8E7 /* Preview Content */ = {
			isa = PBXGroup;
			children = (
				EB87250E260CC0C5008AD8E7 /* Preview Assets.xcassets */,
			);
			path = "Preview Content";
			sourceTree = "<group>";
		};
		EB87251D260CC0C5008AD8E7 /* SatchiTests */ = {
			isa = PBXGroup;
			children = (
				EB87251E260CC0C5008AD8E7 /* SatchiTests.swift */,
				EB872520260CC0C5008AD8E7 /* Info.plist */,
			);
			path = SatchiTests;
			sourceTree = "<group>";
		};
		EB872528260CC0C5008AD8E7 /* SatchiUITests */ = {
			isa = PBXGroup;
			children = (
				EB872529260CC0C5008AD8E7 /* SatchiUITests.swift */,
				EB87252B260CC0C5008AD8E7 /* Info.plist */,
			);
			path = SatchiUITests;
			sourceTree = "<group>";
		};
		EB87253D260CC132008AD8E7 /* TrackList */ = {
			isa = PBXGroup;
			children = (
				EB872509260CC0C4008AD8E7 /* TrackListView.swift */,
				EB5688DF269C304000AF9AB1 /* TrackCellView.swift */,
			);
			path = TrackList;
			sourceTree = "<group>";
		};
		EBA842E6287589B20061C338 /* Formatters */ = {
			isa = PBXGroup;
			children = (
				EBA842E7287589CF0061C338 /* TimeFormatter.swift */,
				EBB05D762878C02500C9723F /* DistanceFormatter.swift */,
			);
			path = Formatters;
			sourceTree = "<group>";
		};
		EBCB481C2667636A00E5631C /* Persistance */ = {
			isa = PBXGroup;
			children = (
				EBA6D5AD296B6265000579FC /* CoreDataHelper.swift */,
				EBA6D5AA296B6263000579FC /* PersistenceController.swift */,
				EBA6D5AF296B6266000579FC /* PersistenceController+History.swift */,
				EBA6D5B8296B6325000579FC /* PersistenceController+Track.swift */,
				EBA6D5AC296B6264000579FC /* PersistenceController+Share.swift */,
				EB352C89278CEB0D0015AC5A /* Entities */,
				EBCB4815266762F800E5631C /* Satchi.xcdatamodeld */,
				EBB85EF329CA22AD0058E0B5 /* ValueTransformers.swift */,
			);
			path = Persistance;
			sourceTree = "<group>";
		};
		EBD13A53261AF3520080C4FE /* EditTrack */ = {
			isa = PBXGroup;
			children = (
				EBD13A54261AF3760080C4FE /* EditTrackView.swift */,
				EBD13A64261AF59A0080C4FE /* TrackViewModel.swift */,
				EB59DE3B283003830043DE33 /* AddTrackView.swift */,
				EB97265F2843B0DD00583007 /* DifficultyView.swift */,
			);
			path = EditTrack;
			sourceTree = "<group>";
		};
		EBDC075629B6992B0028FC64 /* Map */ = {
			isa = PBXGroup;
			children = (
				EBDC075B29B69B0A0028FC64 /* TrackTimer.swift */,
				EB7DFD2A261E0D6A0056D6B4 /* MapView.swift */,
				EB05E19426277868002941B6 /* PathAnnotation.swift */,
				EBDC075429B6989D0028FC64 /* MapViewCoordinator.swift */,
				EB5CE225261CBA3D00D56711 /* TrackMapView.swift */,
				EB5CE22D261CBFE100D56711 /* TrackMapModel.swift */,
				EBDC075829B6998B0028FC64 /* Preview */,
				EBDC075729B6995E0028FC64 /* Overlay */,
			);
			path = Map;
			sourceTree = "<group>";
		};
		EBDC075729B6995E0028FC64 /* Overlay */ = {
			isa = PBXGroup;
			children = (
				EB2F91202624B6500026773D /* TrackMapOverlayView.swift */,
				EBC69ACD2641B88F0094EAA3 /* TextInputDialog.swift */,
				EB409F3528AD0EB700BA2C23 /* StateButtonView.swift */,
			);
			path = Overlay;
			sourceTree = "<group>";
		};
		EBDC075829B6998B0028FC64 /* Preview */ = {
			isa = PBXGroup;
			children = (
				EB3DF31C28C65AFA00A45A8D /* PreviewTrackMapView.swift */,
				EB3DF31E28C65BEE00A45A8D /* PreviewMapView.swift */,
			);
			path = Preview;
			sourceTree = "<group>";
		};
		EBDC075A29B69A010028FC64 /* App */ = {
			isa = PBXGroup;
			children = (
				EB872507260CC0C4008AD8E7 /* SatchiApp.swift */,
				EBD542B428D7971400FAE7FA /* AppEnvironment.swift */,
				EB35885E2970BAEB00CCB235 /* SceneDelegate.swift */,
				EB59DE4328310BF60043DE33 /* AppDelegate.swift */,
				EB7D2148282C6553006CB703 /* UIApplicationExt.swift */,
			);
			path = App;
			sourceTree = "<group>";
		};
		EBDC076129B6A3880028FC64 /* Extensions */ = {
			isa = PBXGroup;
			children = (
				EB59DE3D2830051F0043DE33 /* String.swift */,
				EBE9440228D25AE900C1C7A5 /* Color.swift */,
				EBD117B92919AEA50067402E /* View+Navigation.swift */,
				EBCDAAA629B75BC10035809D /* NotificationCenter.swift */,
				EBB85EF129CA19F40058E0B5 /* Logger.swift */,
			);
			path = Extensions;
			sourceTree = "<group>";
		};
/* End PBXGroup section */

/* Begin PBXNativeTarget section */
		EB872503260CC0C4008AD8E7 /* Satchi */ = {
			isa = PBXNativeTarget;
			buildConfigurationList = EB87252E260CC0C5008AD8E7 /* Build configuration list for PBXNativeTarget "Satchi" */;
			buildPhases = (
				EB872500260CC0C4008AD8E7 /* Sources */,
				EB872501260CC0C4008AD8E7 /* Frameworks */,
				EB872502260CC0C4008AD8E7 /* Resources */,
			);
			buildRules = (
			);
			dependencies = (
			);
			name = Satchi;
			packageProductDependencies = (
				EB6DC7B22882BA3D009E788A /* SwiftState */,
			);
			productName = Satchi;
			productReference = EB872504260CC0C4008AD8E7 /* Satchi.app */;
			productType = "com.apple.product-type.application";
		};
		EB872519260CC0C5008AD8E7 /* SatchiTests */ = {
			isa = PBXNativeTarget;
			buildConfigurationList = EB872531260CC0C5008AD8E7 /* Build configuration list for PBXNativeTarget "SatchiTests" */;
			buildPhases = (
				EB872516260CC0C5008AD8E7 /* Sources */,
				EB872517260CC0C5008AD8E7 /* Frameworks */,
				EB872518260CC0C5008AD8E7 /* Resources */,
			);
			buildRules = (
			);
			dependencies = (
				EB87251C260CC0C5008AD8E7 /* PBXTargetDependency */,
			);
			name = SatchiTests;
			productName = SatchiTests;
			productReference = EB87251A260CC0C5008AD8E7 /* SatchiTests.xctest */;
			productType = "com.apple.product-type.bundle.unit-test";
		};
		EB872524260CC0C5008AD8E7 /* SatchiUITests */ = {
			isa = PBXNativeTarget;
			buildConfigurationList = EB872534260CC0C5008AD8E7 /* Build configuration list for PBXNativeTarget "SatchiUITests" */;
			buildPhases = (
				EB872521260CC0C5008AD8E7 /* Sources */,
				EB872522260CC0C5008AD8E7 /* Frameworks */,
				EB872523260CC0C5008AD8E7 /* Resources */,
			);
			buildRules = (
			);
			dependencies = (
				EB872527260CC0C5008AD8E7 /* PBXTargetDependency */,
			);
			name = SatchiUITests;
			productName = SatchiUITests;
			productReference = EB872525260CC0C5008AD8E7 /* SatchiUITests.xctest */;
			productType = "com.apple.product-type.bundle.ui-testing";
		};
		EBA6D5BA296B6738000579FC /* InitializeCloudKitSchema */ = {
			isa = PBXNativeTarget;
			buildConfigurationList = EBA6D5EE296B6738000579FC /* Build configuration list for PBXNativeTarget "InitializeCloudKitSchema" */;
			buildPhases = (
				EBA6D5BD296B6738000579FC /* Sources */,
				EBA6D5E5296B6738000579FC /* Frameworks */,
				EBA6D5E8296B6738000579FC /* Resources */,
			);
			buildRules = (
			);
			dependencies = (
			);
			name = InitializeCloudKitSchema;
			packageProductDependencies = (
				EBA6D5BB296B6738000579FC /* SwiftState */,
			);
			productName = Satchi;
			productReference = EBA6D5F1296B6738000579FC /* InitializeCloudKitSchema.app */;
			productType = "com.apple.product-type.application";
		};
/* End PBXNativeTarget section */

/* Begin PBXProject section */
		EB8724FC260CC0C4008AD8E7 /* Project object */ = {
			isa = PBXProject;
			attributes = {
				LastSwiftUpdateCheck = 1240;
				LastUpgradeCheck = 1420;
				TargetAttributes = {
					EB872503260CC0C4008AD8E7 = {
						CreatedOnToolsVersion = 12.4;
					};
					EB872519260CC0C5008AD8E7 = {
						CreatedOnToolsVersion = 12.4;
						TestTargetID = EB872503260CC0C4008AD8E7;
					};
					EB872524260CC0C5008AD8E7 = {
						CreatedOnToolsVersion = 12.4;
						TestTargetID = EB872503260CC0C4008AD8E7;
					};
				};
			};
			buildConfigurationList = EB8724FF260CC0C4008AD8E7 /* Build configuration list for PBXProject "Satchi" */;
			compatibilityVersion = "Xcode 13.0";
			developmentRegion = en;
			hasScannedForEncodings = 0;
			knownRegions = (
				en,
				sv,
				Base,
			);
			mainGroup = EB8724FB260CC0C4008AD8E7;
			packageReferences = (
				EB6DC7B12882BA3D009E788A /* XCRemoteSwiftPackageReference "SwiftState" */,
			);
			productRefGroup = EB872505260CC0C4008AD8E7 /* Products */;
			projectDirPath = "";
			projectRoot = "";
			targets = (
				EB872503260CC0C4008AD8E7 /* Satchi */,
				EBA6D5BA296B6738000579FC /* InitializeCloudKitSchema */,
				EB872519260CC0C5008AD8E7 /* SatchiTests */,
				EB872524260CC0C5008AD8E7 /* SatchiUITests */,
			);
		};
/* End PBXProject section */

/* Begin PBXResourcesBuildPhase section */
		EB872502260CC0C4008AD8E7 /* Resources */ = {
			isa = PBXResourcesBuildPhase;
			buildActionMask = 2147483647;
			files = (
				EB8ECDD82952F777009E0134 /* Localizable.strings in Resources */,
				EB2409C928D1A5000027671D /* Colors.xcassets in Resources */,
				EB8ECDD52952F777009E0134 /* InfoPlist.strings in Resources */,
				EB87250F260CC0C5008AD8E7 /* Preview Assets.xcassets in Resources */,
				EBB11B8B29B47936008EE889 /* Settings.bundle in Resources */,
				EB87250C260CC0C5008AD8E7 /* Assets.xcassets in Resources */,
			);
			runOnlyForDeploymentPostprocessing = 0;
		};
		EB872518260CC0C5008AD8E7 /* Resources */ = {
			isa = PBXResourcesBuildPhase;
			buildActionMask = 2147483647;
			files = (
			);
			runOnlyForDeploymentPostprocessing = 0;
		};
		EB872523260CC0C5008AD8E7 /* Resources */ = {
			isa = PBXResourcesBuildPhase;
			buildActionMask = 2147483647;
			files = (
			);
			runOnlyForDeploymentPostprocessing = 0;
		};
		EBA6D5E8296B6738000579FC /* Resources */ = {
			isa = PBXResourcesBuildPhase;
			buildActionMask = 2147483647;
			files = (
				EBA6D5E9296B6738000579FC /* Localizable.strings in Resources */,
				EBA6D5EA296B6738000579FC /* Colors.xcassets in Resources */,
				EBA6D5EB296B6738000579FC /* InfoPlist.strings in Resources */,
				EBA6D5EC296B6738000579FC /* Preview Assets.xcassets in Resources */,
				EBB11B8C29B47936008EE889 /* Settings.bundle in Resources */,
				EBA6D5ED296B6738000579FC /* Assets.xcassets in Resources */,
			);
			runOnlyForDeploymentPostprocessing = 0;
		};
/* End PBXResourcesBuildPhase section */

/* Begin PBXSourcesBuildPhase section */
		EB872500260CC0C4008AD8E7 /* Sources */ = {
			isa = PBXSourcesBuildPhase;
			buildActionMask = 2147483647;
			files = (
				EB352C8E278EB6720015AC5A /* Satchi.xcdatamodeld in Sources */,
				EBD117BA2919AEA50067402E /* View+Navigation.swift in Sources */,
				EB409F3628AD0EB700BA2C23 /* StateButtonView.swift in Sources */,
				EB59DE40283045A60043DE33 /* Track+CoreDataProperties.swift in Sources */,
				EB2F91262624B8DF0026773D /* OverlayButtonStyle.swift in Sources */,
				EB5CE22E261CBFE100D56711 /* TrackMapModel.swift in Sources */,
				EB3DF31D28C65AFA00A45A8D /* PreviewTrackMapView.swift in Sources */,
				EB87250A260CC0C4008AD8E7 /* TrackListView.swift in Sources */,
				EB352C8C278CEB310015AC5A /* Track+CoreDataClass.swift in Sources */,
				EB7DFD2B261E0D6A0056D6B4 /* MapView.swift in Sources */,
				EB872508260CC0C4008AD8E7 /* SatchiApp.swift in Sources */,
				EBD13A55261AF3760080C4FE /* EditTrackView.swift in Sources */,
				EB5CE226261CBA3D00D56711 /* TrackMapView.swift in Sources */,
				EB7D2149282C6553006CB703 /* UIApplicationExt.swift in Sources */,
				EB35885F2970BAEB00CCB235 /* SceneDelegate.swift in Sources */,
				EBB85EF229CA19F40058E0B5 /* Logger.swift in Sources */,
				EB59DE3E2830051F0043DE33 /* String.swift in Sources */,
				EBDC075C29B69B0A0028FC64 /* TrackTimer.swift in Sources */,
				EBDC075F29B69F750028FC64 /* MainTabView.swift in Sources */,
				EBA842E8287589CF0061C338 /* TimeFormatter.swift in Sources */,
				EB59DE3C283003830043DE33 /* AddTrackView.swift in Sources */,
				EBA6D5B5296B6266000579FC /* CoreDataHelper.swift in Sources */,
				EB05E19526277868002941B6 /* PathAnnotation.swift in Sources */,
				EB5688E0269C304000AF9AB1 /* TrackCellView.swift in Sources */,
				EBA6D5B9296B6325000579FC /* PersistenceController+Track.swift in Sources */,
				EBDC075529B6989D0028FC64 /* MapViewCoordinator.swift in Sources */,
				EBA6D5B7296B6266000579FC /* PersistenceController+History.swift in Sources */,
				EBCDAAA729B75BC10035809D /* NotificationCenter.swift in Sources */,
				EBA6D5B4296B6266000579FC /* PersistenceController+Share.swift in Sources */,
				EB3DF31F28C65BEE00A45A8D /* PreviewMapView.swift in Sources */,
				EB59DE4428310BF60043DE33 /* AppDelegate.swift in Sources */,
				EBC69ACE2641B88F0094EAA3 /* TextInputDialog.swift in Sources */,
				EBA6D5B2296B6266000579FC /* PersistenceController.swift in Sources */,
				EBD542B528D7971400FAE7FA /* AppEnvironment.swift in Sources */,
				EBB05D772878C02500C9723F /* DistanceFormatter.swift in Sources */,
				EB352C86278CEA170015AC5A /* TrackViewModel.swift in Sources */,
				EBE9440328D25AE900C1C7A5 /* Color.swift in Sources */,
				EB9726602843B0DD00583007 /* DifficultyView.swift in Sources */,
				EB2F91212624B6500026773D /* TrackMapOverlayView.swift in Sources */,
				EBB85EF429CA22AD0058E0B5 /* ValueTransformers.swift in Sources */,
				EBA842C528702F0C0061C338 /* SyncMonitor.swift in Sources */,
			);
			runOnlyForDeploymentPostprocessing = 0;
		};
		EB872516260CC0C5008AD8E7 /* Sources */ = {
			isa = PBXSourcesBuildPhase;
			buildActionMask = 2147483647;
			files = (
				EB8D3FD8284567BE00D12C38 /* Track+CoreDataClass.swift in Sources */,
				EB87251F260CC0C5008AD8E7 /* SatchiTests.swift in Sources */,
				EB8D3FD7284567B800D12C38 /* Track+CoreDataProperties.swift in Sources */,
			);
			runOnlyForDeploymentPostprocessing = 0;
		};
		EB872521260CC0C5008AD8E7 /* Sources */ = {
			isa = PBXSourcesBuildPhase;
			buildActionMask = 2147483647;
			files = (
				EB87252A260CC0C5008AD8E7 /* SatchiUITests.swift in Sources */,
			);
			runOnlyForDeploymentPostprocessing = 0;
		};
		EBA6D5BD296B6738000579FC /* Sources */ = {
			isa = PBXSourcesBuildPhase;
			buildActionMask = 2147483647;
			files = (
				EBA6D5BE296B6738000579FC /* Satchi.xcdatamodeld in Sources */,
				EBA6D5C0296B6738000579FC /* View+Navigation.swift in Sources */,
				EBA6D5C1296B6738000579FC /* StateButtonView.swift in Sources */,
				EBA6D5C2296B6738000579FC /* Track+CoreDataProperties.swift in Sources */,
				EBA6D5C3296B6738000579FC /* OverlayButtonStyle.swift in Sources */,
				EBA6D5C4296B6738000579FC /* TrackMapModel.swift in Sources */,
				EBA6D5C5296B6738000579FC /* PreviewTrackMapView.swift in Sources */,
				EBB85EF529CA22AD0058E0B5 /* ValueTransformers.swift in Sources */,
				EBA6D5C6296B6738000579FC /* TrackListView.swift in Sources */,
				EBA6D5C7296B6738000579FC /* Track+CoreDataClass.swift in Sources */,
				EBA6D5C8296B6738000579FC /* MapView.swift in Sources */,
				EBA6D5C9296B6738000579FC /* SatchiApp.swift in Sources */,
				EBA6D5CA296B6738000579FC /* EditTrackView.swift in Sources */,
				EBA6D5CB296B6738000579FC /* TrackMapView.swift in Sources */,
				EBA6D5CC296B6738000579FC /* UIApplicationExt.swift in Sources */,
				EB3588602970BAEB00CCB235 /* SceneDelegate.swift in Sources */,
				EBA6D5CD296B6738000579FC /* String.swift in Sources */,
				EBDC075D29B69B0A0028FC64 /* TrackTimer.swift in Sources */,
				EBDC076029B69F750028FC64 /* MainTabView.swift in Sources */,
				EBA6D5CF296B6738000579FC /* TimeFormatter.swift in Sources */,
				EBA6D5D0296B6738000579FC /* AddTrackView.swift in Sources */,
				EBA6D5D1296B6738000579FC /* CoreDataHelper.swift in Sources */,
				EBA6D5D2296B6738000579FC /* PathAnnotation.swift in Sources */,
				EBA6D5D3296B6738000579FC /* TrackCellView.swift in Sources */,
				EBA6D5D4296B6738000579FC /* PersistenceController+Track.swift in Sources */,
				EBDC075929B699DF0028FC64 /* MapViewCoordinator.swift in Sources */,
				EBA6D5D5296B6738000579FC /* PersistenceController+History.swift in Sources */,
				EBA6D5D6296B6738000579FC /* PersistenceController+Share.swift in Sources */,
				EBA6D5D7296B6738000579FC /* PreviewMapView.swift in Sources */,
				EBA6D5D9296B6738000579FC /* AppDelegate.swift in Sources */,
				EBA6D5DA296B6738000579FC /* TextInputDialog.swift in Sources */,
				EBA6D5DC296B6738000579FC /* PersistenceController.swift in Sources */,
				EBA6D5DD296B6738000579FC /* AppEnvironment.swift in Sources */,
				EBA6D5DE296B6738000579FC /* DistanceFormatter.swift in Sources */,
				EBA6D5DF296B6738000579FC /* TrackViewModel.swift in Sources */,
				EBA6D5E1296B6738000579FC /* Color.swift in Sources */,
				EBA6D5E2296B6738000579FC /* DifficultyView.swift in Sources */,
				EBA6D5E3296B6738000579FC /* TrackMapOverlayView.swift in Sources */,
				EBA6D5E4296B6738000579FC /* SyncMonitor.swift in Sources */,
			);
			runOnlyForDeploymentPostprocessing = 0;
		};
/* End PBXSourcesBuildPhase section */

/* Begin PBXTargetDependency section */
		EB87251C260CC0C5008AD8E7 /* PBXTargetDependency */ = {
			isa = PBXTargetDependency;
			target = EB872503260CC0C4008AD8E7 /* Satchi */;
			targetProxy = EB87251B260CC0C5008AD8E7 /* PBXContainerItemProxy */;
		};
		EB872527260CC0C5008AD8E7 /* PBXTargetDependency */ = {
			isa = PBXTargetDependency;
			target = EB872503260CC0C4008AD8E7 /* Satchi */;
			targetProxy = EB872526260CC0C5008AD8E7 /* PBXContainerItemProxy */;
		};
/* End PBXTargetDependency section */

/* Begin PBXVariantGroup section */
		EB8ECDD32952F777009E0134 /* InfoPlist.strings */ = {
			isa = PBXVariantGroup;
			children = (
				EB8ECDD42952F777009E0134 /* sv */,
				EB4445C029537197009FD381 /* en */,
			);
			name = InfoPlist.strings;
			sourceTree = "<group>";
		};
		EB8ECDD62952F777009E0134 /* Localizable.strings */ = {
			isa = PBXVariantGroup;
			children = (
				EB8ECDD72952F777009E0134 /* sv */,
				EB4445BF29537197009FD381 /* en */,
			);
			name = Localizable.strings;
			sourceTree = "<group>";
		};
/* End PBXVariantGroup section */

/* Begin XCBuildConfiguration section */
		EB87252C260CC0C5008AD8E7 /* Debug */ = {
			isa = XCBuildConfiguration;
			buildSettings = {
				ALWAYS_SEARCH_USER_PATHS = NO;
				CLANG_ANALYZER_LOCALIZABILITY_NONLOCALIZED = YES;
				CLANG_ANALYZER_NONNULL = YES;
				CLANG_ANALYZER_NUMBER_OBJECT_CONVERSION = YES_AGGRESSIVE;
				CLANG_CXX_LANGUAGE_STANDARD = "gnu++14";
				CLANG_CXX_LIBRARY = "libc++";
				CLANG_ENABLE_MODULES = YES;
				CLANG_ENABLE_OBJC_ARC = YES;
				CLANG_ENABLE_OBJC_WEAK = YES;
				CLANG_WARN_BLOCK_CAPTURE_AUTORELEASING = YES;
				CLANG_WARN_BOOL_CONVERSION = YES;
				CLANG_WARN_COMMA = YES;
				CLANG_WARN_CONSTANT_CONVERSION = YES;
				CLANG_WARN_DEPRECATED_OBJC_IMPLEMENTATIONS = YES;
				CLANG_WARN_DIRECT_OBJC_ISA_USAGE = YES_ERROR;
				CLANG_WARN_DOCUMENTATION_COMMENTS = YES;
				CLANG_WARN_EMPTY_BODY = YES;
				CLANG_WARN_ENUM_CONVERSION = YES;
				CLANG_WARN_INFINITE_RECURSION = YES;
				CLANG_WARN_INT_CONVERSION = YES;
				CLANG_WARN_NON_LITERAL_NULL_CONVERSION = YES;
				CLANG_WARN_OBJC_IMPLICIT_RETAIN_SELF = YES;
				CLANG_WARN_OBJC_LITERAL_CONVERSION = YES;
				CLANG_WARN_OBJC_ROOT_CLASS = YES_ERROR;
				CLANG_WARN_QUOTED_INCLUDE_IN_FRAMEWORK_HEADER = YES;
				CLANG_WARN_RANGE_LOOP_ANALYSIS = YES;
				CLANG_WARN_STRICT_PROTOTYPES = YES;
				CLANG_WARN_SUSPICIOUS_MOVE = YES;
				CLANG_WARN_UNGUARDED_AVAILABILITY = YES_AGGRESSIVE;
				CLANG_WARN_UNREACHABLE_CODE = YES;
				CLANG_WARN__DUPLICATE_METHOD_MATCH = YES;
				COPY_PHASE_STRIP = NO;
				DEBUG_INFORMATION_FORMAT = dwarf;
				ENABLE_STRICT_OBJC_MSGSEND = YES;
				ENABLE_TESTABILITY = YES;
				GCC_C_LANGUAGE_STANDARD = gnu11;
				GCC_DYNAMIC_NO_PIC = NO;
				GCC_NO_COMMON_BLOCKS = YES;
				GCC_OPTIMIZATION_LEVEL = 0;
				GCC_PREPROCESSOR_DEFINITIONS = (
					"DEBUG=1",
					"$(inherited)",
				);
				GCC_WARN_64_TO_32_BIT_CONVERSION = YES;
				GCC_WARN_ABOUT_RETURN_TYPE = YES_ERROR;
				GCC_WARN_UNDECLARED_SELECTOR = YES;
				GCC_WARN_UNINITIALIZED_AUTOS = YES_AGGRESSIVE;
				GCC_WARN_UNUSED_FUNCTION = YES;
				GCC_WARN_UNUSED_VARIABLE = YES;
				IPHONEOS_DEPLOYMENT_TARGET = 15.0;
				MTL_ENABLE_DEBUG_INFO = INCLUDE_SOURCE;
				MTL_FAST_MATH = YES;
				ONLY_ACTIVE_ARCH = YES;
				SDKROOT = iphoneos;
				SWIFT_ACTIVE_COMPILATION_CONDITIONS = "DEBUG InitializeCloudKitSchema";
				SWIFT_EMIT_LOC_STRINGS = YES;
				SWIFT_OPTIMIZATION_LEVEL = "-Onone";
			};
			name = Debug;
		};
		EB87252D260CC0C5008AD8E7 /* Release */ = {
			isa = XCBuildConfiguration;
			buildSettings = {
				ALWAYS_SEARCH_USER_PATHS = NO;
				CLANG_ANALYZER_LOCALIZABILITY_NONLOCALIZED = YES;
				CLANG_ANALYZER_NONNULL = YES;
				CLANG_ANALYZER_NUMBER_OBJECT_CONVERSION = YES_AGGRESSIVE;
				CLANG_CXX_LANGUAGE_STANDARD = "gnu++14";
				CLANG_CXX_LIBRARY = "libc++";
				CLANG_ENABLE_MODULES = YES;
				CLANG_ENABLE_OBJC_ARC = YES;
				CLANG_ENABLE_OBJC_WEAK = YES;
				CLANG_WARN_BLOCK_CAPTURE_AUTORELEASING = YES;
				CLANG_WARN_BOOL_CONVERSION = YES;
				CLANG_WARN_COMMA = YES;
				CLANG_WARN_CONSTANT_CONVERSION = YES;
				CLANG_WARN_DEPRECATED_OBJC_IMPLEMENTATIONS = YES;
				CLANG_WARN_DIRECT_OBJC_ISA_USAGE = YES_ERROR;
				CLANG_WARN_DOCUMENTATION_COMMENTS = YES;
				CLANG_WARN_EMPTY_BODY = YES;
				CLANG_WARN_ENUM_CONVERSION = YES;
				CLANG_WARN_INFINITE_RECURSION = YES;
				CLANG_WARN_INT_CONVERSION = YES;
				CLANG_WARN_NON_LITERAL_NULL_CONVERSION = YES;
				CLANG_WARN_OBJC_IMPLICIT_RETAIN_SELF = YES;
				CLANG_WARN_OBJC_LITERAL_CONVERSION = YES;
				CLANG_WARN_OBJC_ROOT_CLASS = YES_ERROR;
				CLANG_WARN_QUOTED_INCLUDE_IN_FRAMEWORK_HEADER = YES;
				CLANG_WARN_RANGE_LOOP_ANALYSIS = YES;
				CLANG_WARN_STRICT_PROTOTYPES = YES;
				CLANG_WARN_SUSPICIOUS_MOVE = YES;
				CLANG_WARN_UNGUARDED_AVAILABILITY = YES_AGGRESSIVE;
				CLANG_WARN_UNREACHABLE_CODE = YES;
				CLANG_WARN__DUPLICATE_METHOD_MATCH = YES;
				COPY_PHASE_STRIP = NO;
				DEBUG_INFORMATION_FORMAT = "dwarf-with-dsym";
				ENABLE_NS_ASSERTIONS = NO;
				ENABLE_STRICT_OBJC_MSGSEND = YES;
				GCC_C_LANGUAGE_STANDARD = gnu11;
				GCC_NO_COMMON_BLOCKS = YES;
				GCC_WARN_64_TO_32_BIT_CONVERSION = YES;
				GCC_WARN_ABOUT_RETURN_TYPE = YES_ERROR;
				GCC_WARN_UNDECLARED_SELECTOR = YES;
				GCC_WARN_UNINITIALIZED_AUTOS = YES_AGGRESSIVE;
				GCC_WARN_UNUSED_FUNCTION = YES;
				GCC_WARN_UNUSED_VARIABLE = YES;
				IPHONEOS_DEPLOYMENT_TARGET = 15.0;
				MTL_ENABLE_DEBUG_INFO = NO;
				MTL_FAST_MATH = YES;
				SDKROOT = iphoneos;
				SWIFT_COMPILATION_MODE = wholemodule;
				SWIFT_EMIT_LOC_STRINGS = YES;
				SWIFT_OPTIMIZATION_LEVEL = "-O";
				VALIDATE_PRODUCT = YES;
			};
			name = Release;
		};
		EB87252F260CC0C5008AD8E7 /* Debug */ = {
			isa = XCBuildConfiguration;
			buildSettings = {
				ASSETCATALOG_COMPILER_APPICON_NAME = AppIcon;
				ASSETCATALOG_COMPILER_GLOBAL_ACCENT_COLOR_NAME = AccentColor;
				CODE_SIGN_ENTITLEMENTS = Satchi/Satchi.entitlements;
				CODE_SIGN_IDENTITY = "Apple Development";
				CODE_SIGN_STYLE = Automatic;
				DEVELOPMENT_ASSET_PATHS = "\"Satchi/Preview Content\"";
				DEVELOPMENT_TEAM = 9469B78B2K;
				ENABLE_PREVIEWS = YES;
				INFOPLIST_FILE = Satchi/Info.plist;
				IPHONEOS_DEPLOYMENT_TARGET = 15.0;
				LD_RUNPATH_SEARCH_PATHS = (
					"$(inherited)",
					"@executable_path/Frameworks",
				);
				PRODUCT_BUNDLE_IDENTIFIER = se.cjs.Satchi;
				PRODUCT_NAME = "$(TARGET_NAME)";
				PROVISIONING_PROFILE_SPECIFIER = "";
				SUPPORTED_PLATFORMS = "iphoneos iphonesimulator";
				SUPPORTS_MACCATALYST = NO;
				SUPPORTS_MAC_DESIGNED_FOR_IPHONE_IPAD = YES;
				SWIFT_ACTIVE_COMPILATION_CONDITIONS = DEBUG;
				SWIFT_EMIT_LOC_STRINGS = YES;
				SWIFT_VERSION = 5.0;
				TARGETED_DEVICE_FAMILY = "1,2";
			};
			name = Debug;
		};
		EB872530260CC0C5008AD8E7 /* Release */ = {
			isa = XCBuildConfiguration;
			buildSettings = {
				ASSETCATALOG_COMPILER_APPICON_NAME = AppIcon;
				ASSETCATALOG_COMPILER_GLOBAL_ACCENT_COLOR_NAME = AccentColor;
				CODE_SIGN_ENTITLEMENTS = Satchi/Satchi.entitlements;
				CODE_SIGN_IDENTITY = "Apple Development";
				CODE_SIGN_STYLE = Automatic;
				DEVELOPMENT_ASSET_PATHS = "\"Satchi/Preview Content\"";
				DEVELOPMENT_TEAM = 9469B78B2K;
				ENABLE_PREVIEWS = YES;
				INFOPLIST_FILE = Satchi/Info.plist;
				IPHONEOS_DEPLOYMENT_TARGET = 15.0;
				LD_RUNPATH_SEARCH_PATHS = (
					"$(inherited)",
					"@executable_path/Frameworks",
				);
				PRODUCT_BUNDLE_IDENTIFIER = se.cjs.Satchi;
				PRODUCT_NAME = "$(TARGET_NAME)";
				PROVISIONING_PROFILE_SPECIFIER = "";
				SUPPORTED_PLATFORMS = "iphoneos iphonesimulator";
				SUPPORTS_MACCATALYST = NO;
				SUPPORTS_MAC_DESIGNED_FOR_IPHONE_IPAD = YES;
				SWIFT_EMIT_LOC_STRINGS = YES;
				SWIFT_VERSION = 5.0;
				TARGETED_DEVICE_FAMILY = "1,2";
			};
			name = Release;
		};
		EB872532260CC0C5008AD8E7 /* Debug */ = {
			isa = XCBuildConfiguration;
			buildSettings = {
				ALWAYS_EMBED_SWIFT_STANDARD_LIBRARIES = YES;
				BUNDLE_LOADER = "$(TEST_HOST)";
				CODE_SIGN_STYLE = Automatic;
				DEVELOPMENT_TEAM = 9469B78B2K;
				INFOPLIST_FILE = SatchiTests/Info.plist;
				IPHONEOS_DEPLOYMENT_TARGET = 15.0;
				LD_RUNPATH_SEARCH_PATHS = (
					"$(inherited)",
					"@executable_path/Frameworks",
					"@loader_path/Frameworks",
				);
				PRODUCT_BUNDLE_IDENTIFIER = se.cjs.SatchiTests;
				PRODUCT_NAME = "$(TARGET_NAME)";
				SWIFT_VERSION = 5.0;
				TARGETED_DEVICE_FAMILY = 1;
				TEST_HOST = "$(BUILT_PRODUCTS_DIR)/Satchi.app/Satchi";
			};
			name = Debug;
		};
		EB872533260CC0C5008AD8E7 /* Release */ = {
			isa = XCBuildConfiguration;
			buildSettings = {
				ALWAYS_EMBED_SWIFT_STANDARD_LIBRARIES = YES;
				BUNDLE_LOADER = "$(TEST_HOST)";
				CODE_SIGN_STYLE = Automatic;
				DEVELOPMENT_TEAM = 9469B78B2K;
				INFOPLIST_FILE = SatchiTests/Info.plist;
				IPHONEOS_DEPLOYMENT_TARGET = 15.0;
				LD_RUNPATH_SEARCH_PATHS = (
					"$(inherited)",
					"@executable_path/Frameworks",
					"@loader_path/Frameworks",
				);
				PRODUCT_BUNDLE_IDENTIFIER = se.cjs.SatchiTests;
				PRODUCT_NAME = "$(TARGET_NAME)";
				SWIFT_VERSION = 5.0;
				TARGETED_DEVICE_FAMILY = 1;
				TEST_HOST = "$(BUILT_PRODUCTS_DIR)/Satchi.app/Satchi";
			};
			name = Release;
		};
		EB872535260CC0C5008AD8E7 /* Debug */ = {
			isa = XCBuildConfiguration;
			buildSettings = {
				ALWAYS_EMBED_SWIFT_STANDARD_LIBRARIES = YES;
				CODE_SIGN_STYLE = Automatic;
				DEVELOPMENT_TEAM = 9469B78B2K;
				INFOPLIST_FILE = SatchiUITests/Info.plist;
				LD_RUNPATH_SEARCH_PATHS = (
					"$(inherited)",
					"@executable_path/Frameworks",
					"@loader_path/Frameworks",
				);
				PRODUCT_BUNDLE_IDENTIFIER = se.cjs.SatchiUITests;
				PRODUCT_NAME = "$(TARGET_NAME)";
				SWIFT_VERSION = 5.0;
				TARGETED_DEVICE_FAMILY = "1,2";
				TEST_TARGET_NAME = Satchi;
			};
			name = Debug;
		};
		EB872536260CC0C5008AD8E7 /* Release */ = {
			isa = XCBuildConfiguration;
			buildSettings = {
				ALWAYS_EMBED_SWIFT_STANDARD_LIBRARIES = YES;
				CODE_SIGN_STYLE = Automatic;
				DEVELOPMENT_TEAM = 9469B78B2K;
				INFOPLIST_FILE = SatchiUITests/Info.plist;
				LD_RUNPATH_SEARCH_PATHS = (
					"$(inherited)",
					"@executable_path/Frameworks",
					"@loader_path/Frameworks",
				);
				PRODUCT_BUNDLE_IDENTIFIER = se.cjs.SatchiUITests;
				PRODUCT_NAME = "$(TARGET_NAME)";
				SWIFT_VERSION = 5.0;
				TARGETED_DEVICE_FAMILY = "1,2";
				TEST_TARGET_NAME = Satchi;
			};
			name = Release;
		};
		EBA6D5EF296B6738000579FC /* Debug */ = {
			isa = XCBuildConfiguration;
			buildSettings = {
				ASSETCATALOG_COMPILER_APPICON_NAME = AppIcon;
				ASSETCATALOG_COMPILER_GLOBAL_ACCENT_COLOR_NAME = AccentColor;
				CODE_SIGN_ENTITLEMENTS = Satchi/Satchi.entitlements;
				CODE_SIGN_IDENTITY = "Apple Development";
				CODE_SIGN_STYLE = Automatic;
				DEVELOPMENT_ASSET_PATHS = "\"Satchi/Preview Content\"";
				DEVELOPMENT_TEAM = 9469B78B2K;
				ENABLE_PREVIEWS = YES;
				INFOPLIST_FILE = "Satchi copy-Info.plist";
				IPHONEOS_DEPLOYMENT_TARGET = 15.0;
				LD_RUNPATH_SEARCH_PATHS = (
					"$(inherited)",
					"@executable_path/Frameworks",
				);
				PRODUCT_BUNDLE_IDENTIFIER = se.cjs.Satchi;
				PRODUCT_NAME = "$(TARGET_NAME)";
				PROVISIONING_PROFILE_SPECIFIER = "";
				SUPPORTED_PLATFORMS = "iphoneos iphonesimulator";
				SUPPORTS_MACCATALYST = NO;
				SUPPORTS_MAC_DESIGNED_FOR_IPHONE_IPAD = YES;
				SWIFT_EMIT_LOC_STRINGS = YES;
				SWIFT_VERSION = 5.0;
				TARGETED_DEVICE_FAMILY = "1,2";
			};
			name = Debug;
		};
		EBA6D5F0296B6738000579FC /* Release */ = {
			isa = XCBuildConfiguration;
			buildSettings = {
				ASSETCATALOG_COMPILER_APPICON_NAME = AppIcon;
				ASSETCATALOG_COMPILER_GLOBAL_ACCENT_COLOR_NAME = AccentColor;
				CODE_SIGN_ENTITLEMENTS = Satchi/Satchi.entitlements;
				CODE_SIGN_IDENTITY = "Apple Development";
				CODE_SIGN_STYLE = Automatic;
				DEVELOPMENT_ASSET_PATHS = "\"Satchi/Preview Content\"";
				DEVELOPMENT_TEAM = 9469B78B2K;
				ENABLE_PREVIEWS = YES;
				INFOPLIST_FILE = "Satchi copy-Info.plist";
				IPHONEOS_DEPLOYMENT_TARGET = 15.0;
				LD_RUNPATH_SEARCH_PATHS = (
					"$(inherited)",
					"@executable_path/Frameworks",
				);
				PRODUCT_BUNDLE_IDENTIFIER = se.cjs.Satchi;
				PRODUCT_NAME = "$(TARGET_NAME)";
				PROVISIONING_PROFILE_SPECIFIER = "";
				SUPPORTED_PLATFORMS = "iphoneos iphonesimulator";
				SUPPORTS_MACCATALYST = NO;
				SUPPORTS_MAC_DESIGNED_FOR_IPHONE_IPAD = YES;
				SWIFT_EMIT_LOC_STRINGS = YES;
				SWIFT_VERSION = 5.0;
				TARGETED_DEVICE_FAMILY = "1,2";
			};
			name = Release;
		};
/* End XCBuildConfiguration section */

/* Begin XCConfigurationList section */
		EB8724FF260CC0C4008AD8E7 /* Build configuration list for PBXProject "Satchi" */ = {
			isa = XCConfigurationList;
			buildConfigurations = (
				EB87252C260CC0C5008AD8E7 /* Debug */,
				EB87252D260CC0C5008AD8E7 /* Release */,
			);
			defaultConfigurationIsVisible = 0;
			defaultConfigurationName = Release;
		};
		EB87252E260CC0C5008AD8E7 /* Build configuration list for PBXNativeTarget "Satchi" */ = {
			isa = XCConfigurationList;
			buildConfigurations = (
				EB87252F260CC0C5008AD8E7 /* Debug */,
				EB872530260CC0C5008AD8E7 /* Release */,
			);
			defaultConfigurationIsVisible = 0;
			defaultConfigurationName = Release;
		};
		EB872531260CC0C5008AD8E7 /* Build configuration list for PBXNativeTarget "SatchiTests" */ = {
			isa = XCConfigurationList;
			buildConfigurations = (
				EB872532260CC0C5008AD8E7 /* Debug */,
				EB872533260CC0C5008AD8E7 /* Release */,
			);
			defaultConfigurationIsVisible = 0;
			defaultConfigurationName = Release;
		};
		EB872534260CC0C5008AD8E7 /* Build configuration list for PBXNativeTarget "SatchiUITests" */ = {
			isa = XCConfigurationList;
			buildConfigurations = (
				EB872535260CC0C5008AD8E7 /* Debug */,
				EB872536260CC0C5008AD8E7 /* Release */,
			);
			defaultConfigurationIsVisible = 0;
			defaultConfigurationName = Release;
		};
		EBA6D5EE296B6738000579FC /* Build configuration list for PBXNativeTarget "InitializeCloudKitSchema" */ = {
			isa = XCConfigurationList;
			buildConfigurations = (
				EBA6D5EF296B6738000579FC /* Debug */,
				EBA6D5F0296B6738000579FC /* Release */,
			);
			defaultConfigurationIsVisible = 0;
			defaultConfigurationName = Release;
		};
/* End XCConfigurationList section */

/* Begin XCRemoteSwiftPackageReference section */
		EB6DC7B12882BA3D009E788A /* XCRemoteSwiftPackageReference "SwiftState" */ = {
			isa = XCRemoteSwiftPackageReference;
			repositoryURL = "https://github.com/ReactKit/SwiftState";
			requirement = {
				kind = upToNextMajorVersion;
				minimumVersion = 6.0.0;
			};
		};
		EBA6D5BC296B6738000579FC /* XCRemoteSwiftPackageReference "SwiftState" */ = {
			isa = XCRemoteSwiftPackageReference;
			repositoryURL = "https://github.com/ReactKit/SwiftState";
			requirement = {
				kind = upToNextMajorVersion;
				minimumVersion = 6.0.0;
			};
		};
/* End XCRemoteSwiftPackageReference section */

/* Begin XCSwiftPackageProductDependency section */
		EB6DC7B22882BA3D009E788A /* SwiftState */ = {
			isa = XCSwiftPackageProductDependency;
			package = EB6DC7B12882BA3D009E788A /* XCRemoteSwiftPackageReference "SwiftState" */;
			productName = SwiftState;
		};
		EBA6D5BB296B6738000579FC /* SwiftState */ = {
			isa = XCSwiftPackageProductDependency;
			package = EBA6D5BC296B6738000579FC /* XCRemoteSwiftPackageReference "SwiftState" */;
			productName = SwiftState;
		};
/* End XCSwiftPackageProductDependency section */

/* Begin XCVersionGroup section */
		EBCB4815266762F800E5631C /* Satchi.xcdatamodeld */ = {
			isa = XCVersionGroup;
			children = (
				EBCB4816266762F800E5631C /* Satchi.xcdatamodel */,
			);
			currentVersion = EBCB4816266762F800E5631C /* Satchi.xcdatamodel */;
			path = Satchi.xcdatamodeld;
			sourceTree = "<group>";
			versionGroupType = wrapper.xcdatamodel;
		};
/* End XCVersionGroup section */
	};
	rootObject = EB8724FC260CC0C4008AD8E7 /* Project object */;
}
