{
  "pins" : [
    {
      "identity" : "swiftstate",
      "kind" : "remoteSourceControl",
      "location" : "https://github.com/ReactKit/SwiftState",
      "state" : {
        "revision" : "887e75b96da6be36a062e1b0ef832c32a803348b",
        "version" : "6.0.1"
      }
    }
  ],
  "version" : 2
}
